
Microsoft Visual Studio Solution File, Format Version 12.00
# Visual Studio Version 16
VisualStudioVersion = 16.0.31410.357
MinimumVisualStudioVersion = 10.0.40219.1
Project("{FAE04EC0-301F-11D3-BF4B-00C04F79EFBC}") = "Final.ApplicationCore", "Final.ApplicationCore\Final.ApplicationCore.csproj", "{B896117A-C4E1-4FF2-9482-2F76F698E0BE}"
EndProject
Project("{FAE04EC0-301F-11D3-BF4B-00C04F79EFBC}") = "Final.Infrastructure", "Final.Infrastructure\Final.Infrastructure.csproj", "{7E1BA92A-D77C-40C7-86F2-88B8DE43C315}"
EndProject
Project("{FAE04EC0-301F-11D3-BF4B-00C04F79EFBC}") = "Final.API", "Final.API\Final.API.csproj", "{8235F2B2-238C-4018-9E63-99919B042EB5}"
EndProject
Global
	GlobalSection(SolutionConfigurationPlatforms) = preSolution
		Debug|Any CPU = Debug|Any CPU
		Release|Any CPU = Release|Any CPU
	EndGlobalSection
	GlobalSection(ProjectConfigurationPlatforms) = postSolution
		{B896117A-C4E1-4FF2-9482-2F76F698E0BE}.Debug|Any CPU.ActiveCfg = Debug|Any CPU
		{B896117A-C4E1-4FF2-9482-2F76F698E0BE}.Debug|Any CPU.Build.0 = Debug|Any CPU
		{B896117A-C4E1-4FF2-9482-2F76F698E0BE}.Release|Any CPU.ActiveCfg = Release|Any CPU
		{B896117A-C4E1-4FF2-9482-2F76F698E0BE}.Release|Any CPU.Build.0 = Release|Any CPU
		{7E1BA92A-D77C-40C7-86F2-88B8DE43C315}.Debug|Any CPU.ActiveCfg = Debug|Any CPU
		{7E1BA92A-D77C-40C7-86F2-88B8DE43C315}.Debug|Any CPU.Build.0 = Debug|Any CPU
		{7E1BA92A-D77C-40C7-86F2-88B8DE43C315}.Release|Any CPU.ActiveCfg = Release|Any CPU
		{7E1BA92A-D77C-40C7-86F2-88B8DE43C315}.Release|Any CPU.Build.0 = Release|Any CPU
		{8235F2B2-238C-4018-9E63-99919B042EB5}.Debug|Any CPU.ActiveCfg = Debug|Any CPU
		{8235F2B2-238C-4018-9E63-99919B042EB5}.Debug|Any CPU.Build.0 = Debug|Any CPU
		{8235F2B2-238C-4018-9E63-99919B042EB5}.Release|Any CPU.ActiveCfg = Release|Any CPU
		{8235F2B2-238C-4018-9E63-99919B042EB5}.Release|Any CPU.Build.0 = Release|Any CPU
	EndGlobalSection
	GlobalSection(SolutionProperties) = preSolution
		HideSolutionNode = FALSE
	EndGlobalSection
	GlobalSection(ExtensibilityGlobals) = postSolution
		SolutionGuid = {2F17FE35-5C95-4539-84FE-E8A4D1540FF1}
	EndGlobalSection
EndGlobal
